
Microsoft Visual Studio Solution File, Format Version 12.00
# Visual Studio 15
VisualStudioVersion = 15.0.28307.705
MinimumVisualStudioVersion = 10.0.40219.1
Project("{FAE04EC0-301F-11D3-BF4B-00C04F79EFBC}") = "BD_CSharp_01", "BD_CSharp_01.csproj", "{6649E1B0-4595-487F-A142-BEAD99265C1E}"
EndProject
Global
	GlobalSection(SolutionConfigurationPlatforms) = preSolution
		Debug|Any CPU = Debug|Any CPU
		Release|Any CPU = Release|Any CPU
	EndGlobalSection
	GlobalSection(ProjectConfigurationPlatforms) = postSolution
		{6649E1B0-4595-487F-A142-BEAD99265C1E}.Debug|Any CPU.ActiveCfg = Debug|Any CPU
		{6649E1B0-4595-487F-A142-BEAD99265C1E}.Debug|Any CPU.Build.0 = Debug|Any CPU
		{6649E1B0-4595-487F-A142-BEAD99265C1E}.Release|Any CPU.ActiveCfg = Release|Any CPU
		{6649E1B0-4595-487F-A142-BEAD99265C1E}.Release|Any CPU.Build.0 = Release|Any CPU
	EndGlobalSection
	GlobalSection(SolutionProperties) = preSolution
		HideSolutionNode = FALSE
	EndGlobalSection
	GlobalSection(ExtensibilityGlobals) = postSolution
		SolutionGuid = {46B315A8-2207-49A5-B9A0-103662945336}
	EndGlobalSection
EndGlobal
